{
  "name": "hc-demo",
  "version": "1.0.0",
  "lockfileVersion": 3,
  "requires": true,
  "packages": {
    "": {
      "name": "hc-demo",
      "version": "1.0.0",
      "license": "ISC",
      "dependencies": {
        "@rust-ml-runtime/node": "0.2.0"
      }
    },
    "node_modules/@rust-ml-runtime/node": {
      "version": "0.2.0",
      "resolved": "https://registry.npmjs.org/@rust-ml-runtime/node/-/node-0.2.0.tgz",
      "integrity": "sha512-8eS5qwIDAFyav/8pAmEcGhuuMMbNSsrHik4lHw8bNUk4PiB8aJyHzmNxO5+bar0L/IpUx7EQmS7H+kpx3xa5Cw==",
      "license": "MIT",
      "engines": {
        "node": ">=20.17"
      },
      "optionalDependencies": {
        "@rust-ml-runtime/node-darwin-arm64": "0.2.0",
        "@rust-ml-runtime/node-darwin-x64": "0.2.0",
        "@rust-ml-runtime/node-linux-arm64-gnu": "0.2.0",
        "@rust-ml-runtime/node-linux-x64-gnu": "0.2.0",
        "@rust-ml-runtime/node-win32-x64-msvc": "0.2.0"
      }
    },
    "node_modules/@rust-ml-runtime/node-darwin-arm64": {
      "version": "0.2.0",
      "resolved": "https://registry.npmjs.org/@rust-ml-runtime/node-darwin-arm64/-/node-darwin-arm64-0.2.0.tgz",
      "integrity": "sha512-X8Yv2Uf4o9dLs7s7GVE7KdKH1nuC/js9Ta1Y2nHt0LvkM21LX9jZM2dGd/FCeRM4GjXdnWEIqgr6czX0NeT72w==",
      "cpu": [
        "arm64"
      ],
      "license": "MIT",
      "optional": true,
      "os": [
        "darwin"
      ]
    },
    "node_modules/@rust-ml-runtime/node-darwin-x64": {
      "version": "0.2.0",
      "resolved": "https://registry.npmjs.org/@rust-ml-runtime/node-darwin-x64/-/node-darwin-x64-0.2.0.tgz",
      "integrity": "sha512-vAaKchwgsd5T8jS6st5YQTvvd+xP73KnR+vhkBG5IUd/u79kX1Be/NIivQSrqaFlf4ErEw9yn8L3Mzg55Hawig==",
      "cpu": [
        "x64"
      ],
      "license": "MIT",
      "optional": true,
      "os": [
        "darwin"
      ]
    },
    "node_modules/@rust-ml-runtime/node-linux-arm64-gnu": {
      "version": "0.2.0",
      "resolved": "https://registry.npmjs.org/@rust-ml-runtime/node-linux-arm64-gnu/-/node-linux-arm64-gnu-0.2.0.tgz",
      "integrity": "sha512-9qSQzcKY+ge9ZKSt7IPEjsTTG2jFxom6LhvOCUETwJeYEPabfDkVNOH9Tel8+CGkV18H+adSbSpgz/JjLpxcLA==",
      "cpu": [
        "arm64"
      ],
      "license": "MIT",
      "optional": true,
      "os": [
        "linux"
      ]
    },
    "node_modules/@rust-ml-runtime/node-linux-x64-gnu": {
      "version": "0.2.0",
      "resolved": "https://registry.npmjs.org/@rust-ml-runtime/node-linux-x64-gnu/-/node-linux-x64-gnu-0.2.0.tgz",
      "integrity": "sha512-p189YBk6sYzZnQX+ODWVVsPpRrRumxjjZvX+BJwaGi+hZrCFCfqGcfTY7g5QEoNcrMgEBvxIIDqlNDnLrQr1+g==",
      "cpu": [
        "x64"
      ],
      "license": "MIT",
      "optional": true,
      "os": [
        "linux"
      ]
    },
    "node_modules/@rust-ml-runtime/node-win32-x64-msvc": {
      "version": "0.2.0",
      "resolved": "https://registry.npmjs.org/@rust-ml-runtime/node-win32-x64-msvc/-/node-win32-x64-msvc-0.2.0.tgz",
      "integrity": "sha512-mXHqBs9Rel5007ctb1rU41/X5Lh0Tdnx2R3rkT4RelH6zaWPZfE4yZBLgGf0GyE614RuPUTk5MVlnvh+3X0SeQ==",
      "cpu": [
        "x64"
      ],
      "license": "MIT",
      "optional": true,
      "os": [
        "win32"
      ]
    }
  }
}
