{
  "name": "hc-demo",
  "version": "1.0.0",
  "lockfileVersion": 3,
  "requires": true,
  "packages": {
    "": {
      "name": "hc-demo",
      "version": "1.0.0",
      "license": "ISC",
      "optionalDependencies": {
        "@rust-ml-runtime/node": "file:../rust-ml-runtime/bindings/node"
      }
    },
    "../rust-ml-runtime/bindings/node": {
      "name": "@rust-ml-runtime/node",
      "version": "0.1.0",
      "license": "MIT",
      "optional": true,
      "engines": {
        "node": ">=20.17"
      }
    },
    "node_modules/@rust-ml-runtime/node": {
      "resolved": "../rust-ml-runtime/bindings/node",
      "link": true
    }
  }
}
