{
  "name": "hc-demo",
  "version": "1.0.0",
  "lockfileVersion": 3,
  "requires": true,
  "packages": {
    "": {
      "name": "hc-demo",
      "version": "1.0.0",
      "license": "ISC",
      "dependencies": {
        "@rust-ml-runtime/node": "0.2.3"
      }
    },
    "node_modules/@rust-ml-runtime/node": {
      "version": "0.2.3",
      "resolved": "https://registry.npmjs.org/@rust-ml-runtime/node/-/node-0.2.3.tgz",
      "integrity": "sha512-dCUpYCHCl1LfGLfoTiBl1DByOKlprug4pgCoGy4m8WwleNBEuBB+V+JBK/bdH1a9qP+UsgY9iwxvvacUQm8yDA==",
      "license": "MIT",
      "engines": {
        "node": ">=20.17"
      },
      "optionalDependencies": {
        "@rust-ml-runtime/node-darwin-arm64": "0.2.3",
        "@rust-ml-runtime/node-darwin-x64": "0.2.3",
        "@rust-ml-runtime/node-linux-arm64-gnu": "0.2.3",
        "@rust-ml-runtime/node-linux-x64-gnu": "0.2.3",
        "@rust-ml-runtime/node-win32-x64-msvc": "0.2.3"
      }
    },
    "node_modules/@rust-ml-runtime/node-darwin-arm64": {
      "version": "0.2.3",
      "resolved": "https://registry.npmjs.org/@rust-ml-runtime/node-darwin-arm64/-/node-darwin-arm64-0.2.3.tgz",
      "integrity": "sha512-f9EYGxAh5Gp8gux/9JlMvXvEFOkEUd0ygAUq2yU0YUhMa+VAPTIV1lATpskg13qseRKsnEhyNecnxsMKKnpfyg==",
      "cpu": [
        "arm64"
      ],
      "license": "MIT",
      "optional": true,
      "os": [
        "darwin"
      ]
    },
    "node_modules/@rust-ml-runtime/node-darwin-x64": {
      "version": "0.2.3",
      "resolved": "https://registry.npmjs.org/@rust-ml-runtime/node-darwin-x64/-/node-darwin-x64-0.2.3.tgz",
      "integrity": "sha512-AAgb/fG2Xg+0TI2F4FZrOUTWfKy66697r9yv5gxQh2JjpNZ72nuyvo8xwEwnLLlsvCAWdMsZAJx71FjZOJLXbQ==",
      "cpu": [
        "x64"
      ],
      "license": "MIT",
      "optional": true,
      "os": [
        "darwin"
      ]
    },
    "node_modules/@rust-ml-runtime/node-linux-arm64-gnu": {
      "version": "0.2.3",
      "resolved": "https://registry.npmjs.org/@rust-ml-runtime/node-linux-arm64-gnu/-/node-linux-arm64-gnu-0.2.3.tgz",
      "integrity": "sha512-oS2HxRnCKFPdMVnx3fp08xlugXf9Sp88P8Ws4k/hnh3P5AiHzPSVznvsHCK0KhdiYUONRLOMWnUlAXoWUH+w/A==",
      "cpu": [
        "arm64"
      ],
      "license": "MIT",
      "optional": true,
      "os": [
        "linux"
      ]
    },
    "node_modules/@rust-ml-runtime/node-linux-x64-gnu": {
      "version": "0.2.3",
      "resolved": "https://registry.npmjs.org/@rust-ml-runtime/node-linux-x64-gnu/-/node-linux-x64-gnu-0.2.3.tgz",
      "integrity": "sha512-AOiUYuRDnyenOYsBPi2wHjB+ih/Sgh23NAxwfrscgDgO4s06TLSFYFuhSOjjdsDw7qlnUXm4nS7zLdOUy002Nw==",
      "cpu": [
        "x64"
      ],
      "license": "MIT",
      "optional": true,
      "os": [
        "linux"
      ]
    },
    "node_modules/@rust-ml-runtime/node-win32-x64-msvc": {
      "version": "0.2.3",
      "resolved": "https://registry.npmjs.org/@rust-ml-runtime/node-win32-x64-msvc/-/node-win32-x64-msvc-0.2.3.tgz",
      "integrity": "sha512-ImGREK59xNfvaxubQuQiSrzZPqc5LMqfXfXtThDC/vjd4beo/VknBtRT9/J+63Wdm5NHjjkZX/FK5CodQwUwGQ==",
      "cpu": [
        "x64"
      ],
      "license": "MIT",
      "optional": true,
      "os": [
        "win32"
      ]
    }
  }
}
